
Microsoft Visual Studio Solution File, Format Version 12.00
# Visual Studio Express 2012 for Windows Desktop
Project("{FAE04EC0-301F-11D3-BF4B-00C04F79EFBC}") = "QSL Print Manager", "QSL Print Manager\QSL Print Manager.csproj", "{189ECCD2-7874-4B9E-929A-E7006533773B}"
EndProject
Global
	GlobalSection(SolutionConfigurationPlatforms) = preSolution
		Debug|Any CPU = Debug|Any CPU
		Release|Any CPU = Release|Any CPU
	EndGlobalSection
	GlobalSection(ProjectConfigurationPlatforms) = postSolution
		{189ECCD2-7874-4B9E-929A-E7006533773B}.Debug|Any CPU.ActiveCfg = Debug|Any CPU
		{189ECCD2-7874-4B9E-929A-E7006533773B}.Debug|Any CPU.Build.0 = Debug|Any CPU
		{189ECCD2-7874-4B9E-929A-E7006533773B}.Release|Any CPU.ActiveCfg = Release|Any CPU
		{189ECCD2-7874-4B9E-929A-E7006533773B}.Release|Any CPU.Build.0 = Release|Any CPU
	EndGlobalSection
	GlobalSection(SolutionProperties) = preSolution
		HideSolutionNode = FALSE
	EndGlobalSection
EndGlobal
